// !$*UTF8*$!
{
	archiveVersion = 1;
	classes = {
	};
	objectVersion = 56;
	objects = {

/* Begin PBXBuildFile section */
		4C6B6F442BFD330100E1E2FB /* AppDelegate.swift in Sources */ = {isa = PBXBuildFile; fileRef = 4C6B6F432BFD330100E1E2FB /* AppDelegate.swift */; };
		4C6B6F462BFD330100E1E2FB /* SceneDelegate.swift in Sources */ = {isa = PBXBuildFile; fileRef = 4C6B6F452BFD330100E1E2FB /* SceneDelegate.swift */; };
		4C6B6F482BFD330100E1E2FB /* RMTabBarViewController.swift in Sources */ = {isa = PBXBuildFile; fileRef = 4C6B6F472BFD330100E1E2FB /* RMTabBarViewController.swift */; };
		4C6B6F4D2BFD330300E1E2FB /* Assets.xcassets in Resources */ = {isa = PBXBuildFile; fileRef = 4C6B6F4C2BFD330300E1E2FB /* Assets.xcassets */; };
		4C6B6F502BFD330300E1E2FB /* Base in Resources */ = {isa = PBXBuildFile; fileRef = 4C6B6F4F2BFD330300E1E2FB /* Base */; };
		4C6B6F5F2BFD4CE400E1E2FB /* RMLocation.swift in Sources */ = {isa = PBXBuildFile; fileRef = 4C6B6F5E2BFD4CE400E1E2FB /* RMLocation.swift */; };
		4C6B6F612BFD4CF500E1E2FB /* RMCharacter.swift in Sources */ = {isa = PBXBuildFile; fileRef = 4C6B6F602BFD4CF500E1E2FB /* RMCharacter.swift */; };
		4C6B6F632BFD4D1C00E1E2FB /* RMEpisode.swift in Sources */ = {isa = PBXBuildFile; fileRef = 4C6B6F622BFD4D1C00E1E2FB /* RMEpisode.swift */; };
		4C6B6F662BFD4E0900E1E2FB /* RMCharacterViewController.swift in Sources */ = {isa = PBXBuildFile; fileRef = 4C6B6F652BFD4E0900E1E2FB /* RMCharacterViewController.swift */; };
		4C6B6F682BFD4E1D00E1E2FB /* RMLocationViewController.swift in Sources */ = {isa = PBXBuildFile; fileRef = 4C6B6F672BFD4E1D00E1E2FB /* RMLocationViewController.swift */; };
		4C6B6F6A2BFD4E2C00E1E2FB /* RMEpisodeViewController.swift in Sources */ = {isa = PBXBuildFile; fileRef = 4C6B6F692BFD4E2C00E1E2FB /* RMEpisodeViewController.swift */; };
		4C6B6F6C2BFD4E3E00E1E2FB /* RMSettingsViewController.swift in Sources */ = {isa = PBXBuildFile; fileRef = 4C6B6F6B2BFD4E3E00E1E2FB /* RMSettingsViewController.swift */; };
/* End PBXBuildFile section */

/* Begin PBXFileReference section */
		4C6B6F402BFD330100E1E2FB /* RickandMorty.app */ = {isa = PBXFileReference; explicitFileType = wrapper.application; includeInIndex = 0; path = RickandMorty.app; sourceTree = BUILT_PRODUCTS_DIR; };
		4C6B6F432BFD330100E1E2FB /* AppDelegate.swift */ = {isa = PBXFileReference; lastKnownFileType = sourcecode.swift; path = AppDelegate.swift; sourceTree = "<group>"; };
		4C6B6F452BFD330100E1E2FB /* SceneDelegate.swift */ = {isa = PBXFileReference; lastKnownFileType = sourcecode.swift; path = SceneDelegate.swift; sourceTree = "<group>"; };
		4C6B6F472BFD330100E1E2FB /* RMTabBarViewController.swift */ = {isa = PBXFileReference; lastKnownFileType = sourcecode.swift; path = RMTabBarViewController.swift; sourceTree = "<group>"; };
		4C6B6F4C2BFD330300E1E2FB /* Assets.xcassets */ = {isa = PBXFileReference; lastKnownFileType = folder.assetcatalog; path = Assets.xcassets; sourceTree = "<group>"; };
		4C6B6F4F2BFD330300E1E2FB /* Base */ = {isa = PBXFileReference; lastKnownFileType = file.storyboard; name = Base; path = Base.lproj/LaunchScreen.storyboard; sourceTree = "<group>"; };
		4C6B6F512BFD330300E1E2FB /* Info.plist */ = {isa = PBXFileReference; lastKnownFileType = text.plist.xml; path = Info.plist; sourceTree = "<group>"; };
		4C6B6F5E2BFD4CE400E1E2FB /* RMLocation.swift */ = {isa = PBXFileReference; lastKnownFileType = sourcecode.swift; path = RMLocation.swift; sourceTree = "<group>"; };
		4C6B6F602BFD4CF500E1E2FB /* RMCharacter.swift */ = {isa = PBXFileReference; lastKnownFileType = sourcecode.swift; path = RMCharacter.swift; sourceTree = "<group>"; };
		4C6B6F622BFD4D1C00E1E2FB /* RMEpisode.swift */ = {isa = PBXFileReference; lastKnownFileType = sourcecode.swift; path = RMEpisode.swift; sourceTree = "<group>"; };
		4C6B6F652BFD4E0900E1E2FB /* RMCharacterViewController.swift */ = {isa = PBXFileReference; lastKnownFileType = sourcecode.swift; path = RMCharacterViewController.swift; sourceTree = "<group>"; };
		4C6B6F672BFD4E1D00E1E2FB /* RMLocationViewController.swift */ = {isa = PBXFileReference; lastKnownFileType = sourcecode.swift; path = RMLocationViewController.swift; sourceTree = "<group>"; };
		4C6B6F692BFD4E2C00E1E2FB /* RMEpisodeViewController.swift */ = {isa = PBXFileReference; lastKnownFileType = sourcecode.swift; path = RMEpisodeViewController.swift; sourceTree = "<group>"; };
		4C6B6F6B2BFD4E3E00E1E2FB /* RMSettingsViewController.swift */ = {isa = PBXFileReference; lastKnownFileType = sourcecode.swift; path = RMSettingsViewController.swift; sourceTree = "<group>"; };
/* End PBXFileReference section */

/* Begin PBXFrameworksBuildPhase section */
		4C6B6F3D2BFD330100E1E2FB /* Frameworks */ = {
			isa = PBXFrameworksBuildPhase;
			buildActionMask = 2147483647;
			files = (
			);
			runOnlyForDeploymentPostprocessing = 0;
		};
/* End PBXFrameworksBuildPhase section */

/* Begin PBXGroup section */
		4C6B6F372BFD330100E1E2FB = {
			isa = PBXGroup;
			children = (
				4C6B6F422BFD330100E1E2FB /* RickandMorty */,
				4C6B6F412BFD330100E1E2FB /* Products */,
			);
			sourceTree = "<group>";
		};
		4C6B6F412BFD330100E1E2FB /* Products */ = {
			isa = PBXGroup;
			children = (
				4C6B6F402BFD330100E1E2FB /* RickandMorty.app */,
			);
			name = Products;
			sourceTree = "<group>";
		};
		4C6B6F422BFD330100E1E2FB /* RickandMorty */ = {
			isa = PBXGroup;
			children = (
				4C6B6F5D2BFD4BA700E1E2FB /* Resources */,
				4C6B6F5C2BFD4B9D00E1E2FB /* Managers */,
				4C6B6F5B2BFD4B8F00E1E2FB /* APIClient */,
				4C6B6F5A2BFD4B8300E1E2FB /* ViewModels */,
				4C6B6F592BFD4B7E00E1E2FB /* Views */,
				4C6B6F582BFD4B7300E1E2FB /* Models */,
				4C6B6F572BFD4B6C00E1E2FB /* Controllers */,
				4C6B6F512BFD330300E1E2FB /* Info.plist */,
			);
			path = RickandMorty;
			sourceTree = "<group>";
		};
		4C6B6F572BFD4B6C00E1E2FB /* Controllers */ = {
			isa = PBXGroup;
			children = (
				4C6B6F642BFD4DC400E1E2FB /* Core */,
			);
			path = Controllers;
			sourceTree = "<group>";
		};
		4C6B6F582BFD4B7300E1E2FB /* Models */ = {
			isa = PBXGroup;
			children = (
				4C6B6F5E2BFD4CE400E1E2FB /* RMLocation.swift */,
				4C6B6F602BFD4CF500E1E2FB /* RMCharacter.swift */,
				4C6B6F622BFD4D1C00E1E2FB /* RMEpisode.swift */,
			);
			path = Models;
			sourceTree = "<group>";
		};
		4C6B6F592BFD4B7E00E1E2FB /* Views */ = {
			isa = PBXGroup;
			children = (
			);
			path = Views;
			sourceTree = "<group>";
		};
		4C6B6F5A2BFD4B8300E1E2FB /* ViewModels */ = {
			isa = PBXGroup;
			children = (
			);
			path = ViewModels;
			sourceTree = "<group>";
		};
		4C6B6F5B2BFD4B8F00E1E2FB /* APIClient */ = {
			isa = PBXGroup;
			children = (
			);
			path = APIClient;
			sourceTree = "<group>";
		};
		4C6B6F5C2BFD4B9D00E1E2FB /* Managers */ = {
			isa = PBXGroup;
			children = (
			);
			path = Managers;
			sourceTree = "<group>";
		};
		4C6B6F5D2BFD4BA700E1E2FB /* Resources */ = {
			isa = PBXGroup;
			children = (
				4C6B6F432BFD330100E1E2FB /* AppDelegate.swift */,
				4C6B6F452BFD330100E1E2FB /* SceneDelegate.swift */,
				4C6B6F4C2BFD330300E1E2FB /* Assets.xcassets */,
				4C6B6F4E2BFD330300E1E2FB /* LaunchScreen.storyboard */,
			);
			path = Resources;
			sourceTree = "<group>";
		};
		4C6B6F642BFD4DC400E1E2FB /* Core */ = {
			isa = PBXGroup;
			children = (
				4C6B6F472BFD330100E1E2FB /* RMTabBarViewController.swift */,
				4C6B6F652BFD4E0900E1E2FB /* RMCharacterViewController.swift */,
				4C6B6F672BFD4E1D00E1E2FB /* RMLocationViewController.swift */,
				4C6B6F692BFD4E2C00E1E2FB /* RMEpisodeViewController.swift */,
				4C6B6F6B2BFD4E3E00E1E2FB /* RMSettingsViewController.swift */,
			);
			path = Core;
			sourceTree = "<group>";
		};
/* End PBXGroup section */

/* Begin PBXNativeTarget section */
		4C6B6F3F2BFD330100E1E2FB /* RickandMorty */ = {
			isa = PBXNativeTarget;
			buildConfigurationList = 4C6B6F542BFD330300E1E2FB /* Build configuration list for PBXNativeTarget "RickandMorty" */;
			buildPhases = (
				4C6B6F3C2BFD330100E1E2FB /* Sources */,
				4C6B6F3D2BFD330100E1E2FB /* Frameworks */,
				4C6B6F3E2BFD330100E1E2FB /* Resources */,
			);
			buildRules = (
			);
			dependencies = (
			);
			name = RickandMorty;
			productName = RickandMorty;
			productReference = 4C6B6F402BFD330100E1E2FB /* RickandMorty.app */;
			productType = "com.apple.product-type.application";
		};
/* End PBXNativeTarget section */

/* Begin PBXProject section */
		4C6B6F382BFD330100E1E2FB /* Project object */ = {
			isa = PBXProject;
			attributes = {
				BuildIndependentTargetsInParallel = 1;
				LastSwiftUpdateCheck = 1540;
				LastUpgradeCheck = 1540;
				TargetAttributes = {
					4C6B6F3F2BFD330100E1E2FB = {
						CreatedOnToolsVersion = 15.4;
					};
				};
			};
			buildConfigurationList = 4C6B6F3B2BFD330100E1E2FB /* Build configuration list for PBXProject "RickandMorty" */;
			compatibilityVersion = "Xcode 14.0";
			developmentRegion = en;
			hasScannedForEncodings = 0;
			knownRegions = (
				en,
				Base,
			);
			mainGroup = 4C6B6F372BFD330100E1E2FB;
			productRefGroup = 4C6B6F412BFD330100E1E2FB /* Products */;
			projectDirPath = "";
			projectRoot = "";
			targets = (
				4C6B6F3F2BFD330100E1E2FB /* RickandMorty */,
			);
		};
/* End PBXProject section */

/* Begin PBXResourcesBuildPhase section */
		4C6B6F3E2BFD330100E1E2FB /* Resources */ = {
			isa = PBXResourcesBuildPhase;
			buildActionMask = 2147483647;
			files = (
				4C6B6F4D2BFD330300E1E2FB /* Assets.xcassets in Resources */,
				4C6B6F502BFD330300E1E2FB /* Base in Resources */,
			);
			runOnlyForDeploymentPostprocessing = 0;
		};
/* End PBXResourcesBuildPhase section */

/* Begin PBXSourcesBuildPhase section */
		4C6B6F3C2BFD330100E1E2FB /* Sources */ = {
			isa = PBXSourcesBuildPhase;
			buildActionMask = 2147483647;
			files = (
				4C6B6F682BFD4E1D00E1E2FB /* RMLocationViewController.swift in Sources */,
				4C6B6F632BFD4D1C00E1E2FB /* RMEpisode.swift in Sources */,
				4C6B6F482BFD330100E1E2FB /* RMTabBarViewController.swift in Sources */,
				4C6B6F6A2BFD4E2C00E1E2FB /* RMEpisodeViewController.swift in Sources */,
				4C6B6F442BFD330100E1E2FB /* AppDelegate.swift in Sources */,
				4C6B6F462BFD330100E1E2FB /* SceneDelegate.swift in Sources */,
				4C6B6F6C2BFD4E3E00E1E2FB /* RMSettingsViewController.swift in Sources */,
				4C6B6F5F2BFD4CE400E1E2FB /* RMLocation.swift in Sources */,
				4C6B6F612BFD4CF500E1E2FB /* RMCharacter.swift in Sources */,
				4C6B6F662BFD4E0900E1E2FB /* RMCharacterViewController.swift in Sources */,
			);
			runOnlyForDeploymentPostprocessing = 0;
		};
/* End PBXSourcesBuildPhase section */

/* Begin PBXVariantGroup section */
		4C6B6F4E2BFD330300E1E2FB /* LaunchScreen.storyboard */ = {
			isa = PBXVariantGroup;
			children = (
				4C6B6F4F2BFD330300E1E2FB /* Base */,
			);
			name = LaunchScreen.storyboard;
			sourceTree = "<group>";
		};
/* End PBXVariantGroup section */

/* Begin XCBuildConfiguration section */
		4C6B6F522BFD330300E1E2FB /* Debug */ = {
			isa = XCBuildConfiguration;
			buildSettings = {
				ALWAYS_SEARCH_USER_PATHS = NO;
				ASSETCATALOG_COMPILER_GENERATE_SWIFT_ASSET_SYMBOL_EXTENSIONS = YES;
				CLANG_ANALYZER_NONNULL = YES;
				CLANG_ANALYZER_NUMBER_OBJECT_CONVERSION = YES_AGGRESSIVE;
				CLANG_CXX_LANGUAGE_STANDARD = "gnu++20";
				CLANG_ENABLE_MODULES = YES;
				CLANG_ENABLE_OBJC_ARC = YES;
				CLANG_ENABLE_OBJC_WEAK = YES;
				CLANG_WARN_BLOCK_CAPTURE_AUTORELEASING = YES;
				CLANG_WARN_BOOL_CONVERSION = YES;
				CLANG_WARN_COMMA = YES;
				CLANG_WARN_CONSTANT_CONVERSION = YES;
				CLANG_WARN_DEPRECATED_OBJC_IMPLEMENTATIONS = YES;
				CLANG_WARN_DIRECT_OBJC_ISA_USAGE = YES_ERROR;
				CLANG_WARN_DOCUMENTATION_COMMENTS = YES;
				CLANG_WARN_EMPTY_BODY = YES;
				CLANG_WARN_ENUM_CONVERSION = YES;
				CLANG_WARN_INFINITE_RECURSION = YES;
				CLANG_WARN_INT_CONVERSION = YES;
				CLANG_WARN_NON_LITERAL_NULL_CONVERSION = YES;
				CLANG_WARN_OBJC_IMPLICIT_RETAIN_SELF = YES;
				CLANG_WARN_OBJC_LITERAL_CONVERSION = YES;
				CLANG_WARN_OBJC_ROOT_CLASS = YES_ERROR;
				CLANG_WARN_QUOTED_INCLUDE_IN_FRAMEWORK_HEADER = YES;
				CLANG_WARN_RANGE_LOOP_ANALYSIS = YES;
				CLANG_WARN_STRICT_PROTOTYPES = YES;
				CLANG_WARN_SUSPICIOUS_MOVE = YES;
				CLANG_WARN_UNGUARDED_AVAILABILITY = YES_AGGRESSIVE;
				CLANG_WARN_UNREACHABLE_CODE = YES;
				CLANG_WARN__DUPLICATE_METHOD_MATCH = YES;
				COPY_PHASE_STRIP = NO;
				DEBUG_INFORMATION_FORMAT = dwarf;
				ENABLE_STRICT_OBJC_MSGSEND = YES;
				ENABLE_TESTABILITY = YES;
				ENABLE_USER_SCRIPT_SANDBOXING = YES;
				GCC_C_LANGUAGE_STANDARD = gnu17;
				GCC_DYNAMIC_NO_PIC = NO;
				GCC_NO_COMMON_BLOCKS = YES;
				GCC_OPTIMIZATION_LEVEL = 0;
				GCC_PREPROCESSOR_DEFINITIONS = (
					"DEBUG=1",
					"$(inherited)",
				);
				GCC_WARN_64_TO_32_BIT_CONVERSION = YES;
				GCC_WARN_ABOUT_RETURN_TYPE = YES_ERROR;
				GCC_WARN_UNDECLARED_SELECTOR = YES;
				GCC_WARN_UNINITIALIZED_AUTOS = YES_AGGRESSIVE;
				GCC_WARN_UNUSED_FUNCTION = YES;
				GCC_WARN_UNUSED_VARIABLE = YES;
				IPHONEOS_DEPLOYMENT_TARGET = 17.5;
				LOCALIZATION_PREFERS_STRING_CATALOGS = YES;
				MTL_ENABLE_DEBUG_INFO = INCLUDE_SOURCE;
				MTL_FAST_MATH = YES;
				ONLY_ACTIVE_ARCH = YES;
				SDKROOT = iphoneos;
				SWIFT_ACTIVE_COMPILATION_CONDITIONS = "DEBUG $(inherited)";
				SWIFT_OPTIMIZATION_LEVEL = "-Onone";
			};
			name = Debug;
		};
		4C6B6F532BFD330300E1E2FB /* Release */ = {
			isa = XCBuildConfiguration;
			buildSettings = {
				ALWAYS_SEARCH_USER_PATHS = NO;
				ASSETCATALOG_COMPILER_GENERATE_SWIFT_ASSET_SYMBOL_EXTENSIONS = YES;
				CLANG_ANALYZER_NONNULL = YES;
				CLANG_ANALYZER_NUMBER_OBJECT_CONVERSION = YES_AGGRESSIVE;
				CLANG_CXX_LANGUAGE_STANDARD = "gnu++20";
				CLANG_ENABLE_MODULES = YES;
				CLANG_ENABLE_OBJC_ARC = YES;
				CLANG_ENABLE_OBJC_WEAK = YES;
				CLANG_WARN_BLOCK_CAPTURE_AUTORELEASING = YES;
				CLANG_WARN_BOOL_CONVERSION = YES;
				CLANG_WARN_COMMA = YES;
				CLANG_WARN_CONSTANT_CONVERSION = YES;
				CLANG_WARN_DEPRECATED_OBJC_IMPLEMENTATIONS = YES;
				CLANG_WARN_DIRECT_OBJC_ISA_USAGE = YES_ERROR;
				CLANG_WARN_DOCUMENTATION_COMMENTS = YES;
				CLANG_WARN_EMPTY_BODY = YES;
				CLANG_WARN_ENUM_CONVERSION = YES;
				CLANG_WARN_INFINITE_RECURSION = YES;
				CLANG_WARN_INT_CONVERSION = YES;
				CLANG_WARN_NON_LITERAL_NULL_CONVERSION = YES;
				CLANG_WARN_OBJC_IMPLICIT_RETAIN_SELF = YES;
				CLANG_WARN_OBJC_LITERAL_CONVERSION = YES;
				CLANG_WARN_OBJC_ROOT_CLASS = YES_ERROR;
				CLANG_WARN_QUOTED_INCLUDE_IN_FRAMEWORK_HEADER = YES;
				CLANG_WARN_RANGE_LOOP_ANALYSIS = YES;
				CLANG_WARN_STRICT_PROTOTYPES = YES;
				CLANG_WARN_SUSPICIOUS_MOVE = YES;
				CLANG_WARN_UNGUARDED_AVAILABILITY = YES_AGGRESSIVE;
				CLANG_WARN_UNREACHABLE_CODE = YES;
				CLANG_WARN__DUPLICATE_METHOD_MATCH = YES;
				COPY_PHASE_STRIP = NO;
				DEBUG_INFORMATION_FORMAT = "dwarf-with-dsym";
				ENABLE_NS_ASSERTIONS = NO;
				ENABLE_STRICT_OBJC_MSGSEND = YES;
				ENABLE_USER_SCRIPT_SANDBOXING = YES;
				GCC_C_LANGUAGE_STANDARD = gnu17;
				GCC_NO_COMMON_BLOCKS = YES;
				GCC_WARN_64_TO_32_BIT_CONVERSION = YES;
				GCC_WARN_ABOUT_RETURN_TYPE = YES_ERROR;
				GCC_WARN_UNDECLARED_SELECTOR = YES;
				GCC_WARN_UNINITIALIZED_AUTOS = YES_AGGRESSIVE;
				GCC_WARN_UNUSED_FUNCTION = YES;
				GCC_WARN_UNUSED_VARIABLE = YES;
				IPHONEOS_DEPLOYMENT_TARGET = 17.5;
				LOCALIZATION_PREFERS_STRING_CATALOGS = YES;
				MTL_ENABLE_DEBUG_INFO = NO;
				MTL_FAST_MATH = YES;
				SDKROOT = iphoneos;
				SWIFT_COMPILATION_MODE = wholemodule;
				VALIDATE_PRODUCT = YES;
			};
			name = Release;
		};
		4C6B6F552BFD330300E1E2FB /* Debug */ = {
			isa = XCBuildConfiguration;
			buildSettings = {
				ASSETCATALOG_COMPILER_APPICON_NAME = AppIcon;
				ASSETCATALOG_COMPILER_GLOBAL_ACCENT_COLOR_NAME = AccentColor;
				CODE_SIGN_STYLE = Automatic;
				CURRENT_PROJECT_VERSION = 1;
				DEVELOPMENT_TEAM = QP3XV7X59W;
				GENERATE_INFOPLIST_FILE = YES;
				INFOPLIST_FILE = RickandMorty/Info.plist;
				INFOPLIST_KEY_UIApplicationSupportsIndirectInputEvents = YES;
				INFOPLIST_KEY_UILaunchStoryboardName = LaunchScreen;
				INFOPLIST_KEY_UISupportedInterfaceOrientations_iPad = "UIInterfaceOrientationPortrait UIInterfaceOrientationPortraitUpsideDown UIInterfaceOrientationLandscapeLeft UIInterfaceOrientationLandscapeRight";
				INFOPLIST_KEY_UISupportedInterfaceOrientations_iPhone = "UIInterfaceOrientationPortrait UIInterfaceOrientationLandscapeLeft UIInterfaceOrientationLandscapeRight";
				LD_RUNPATH_SEARCH_PATHS = (
					"$(inherited)",
					"@executable_path/Frameworks",
				);
				MARKETING_VERSION = 1.0;
				PRODUCT_BUNDLE_IDENTIFIER = com.zia.RickandMorty;
				PRODUCT_NAME = "$(TARGET_NAME)";
				SWIFT_EMIT_LOC_STRINGS = YES;
				SWIFT_VERSION = 5.0;
				TARGETED_DEVICE_FAMILY = "1,2";
			};
			name = Debug;
		};
		4C6B6F562BFD330300E1E2FB /* Release */ = {
			isa = XCBuildConfiguration;
			buildSettings = {
				ASSETCATALOG_COMPILER_APPICON_NAME = AppIcon;
				ASSETCATALOG_COMPILER_GLOBAL_ACCENT_COLOR_NAME = AccentColor;
				CODE_SIGN_STYLE = Automatic;
				CURRENT_PROJECT_VERSION = 1;
				DEVELOPMENT_TEAM = QP3XV7X59W;
				GENERATE_INFOPLIST_FILE = YES;
				INFOPLIST_FILE = RickandMorty/Info.plist;
				INFOPLIST_KEY_UIApplicationSupportsIndirectInputEvents = YES;
				INFOPLIST_KEY_UILaunchStoryboardName = LaunchScreen;
				INFOPLIST_KEY_UISupportedInterfaceOrientations_iPad = "UIInterfaceOrientationPortrait UIInterfaceOrientationPortraitUpsideDown UIInterfaceOrientationLandscapeLeft UIInterfaceOrientationLandscapeRight";
				INFOPLIST_KEY_UISupportedInterfaceOrientations_iPhone = "UIInterfaceOrientationPortrait UIInterfaceOrientationLandscapeLeft UIInterfaceOrientationLandscapeRight";
				LD_RUNPATH_SEARCH_PATHS = (
					"$(inherited)",
					"@executable_path/Frameworks",
				);
				MARKETING_VERSION = 1.0;
				PRODUCT_BUNDLE_IDENTIFIER = com.zia.RickandMorty;
				PRODUCT_NAME = "$(TARGET_NAME)";
				SWIFT_EMIT_LOC_STRINGS = YES;
				SWIFT_VERSION = 5.0;
				TARGETED_DEVICE_FAMILY = "1,2";
			};
			name = Release;
		};
/* End XCBuildConfiguration section */

/* Begin XCConfigurationList section */
		4C6B6F3B2BFD330100E1E2FB /* Build configuration list for PBXProject "RickandMorty" */ = {
			isa = XCConfigurationList;
			buildConfigurations = (
				4C6B6F522BFD330300E1E2FB /* Debug */,
				4C6B6F532BFD330300E1E2FB /* Release */,
			);
			defaultConfigurationIsVisible = 0;
			defaultConfigurationName = Release;
		};
		4C6B6F542BFD330300E1E2FB /* Build configuration list for PBXNativeTarget "RickandMorty" */ = {
			isa = XCConfigurationList;
			buildConfigurations = (
				4C6B6F552BFD330300E1E2FB /* Debug */,
				4C6B6F562BFD330300E1E2FB /* Release */,
			);
			defaultConfigurationIsVisible = 0;
			defaultConfigurationName = Release;
		};
/* End XCConfigurationList section */
	};
	rootObject = 4C6B6F382BFD330100E1E2FB /* Project object */;
}
